{
  "name": "smaug",
  "version": "1.0.0",
  "lockfileVersion": 1,
  "requires": true,
  "dependencies": {
    "@tradegecko/styles": {
      "version": "git+https://github.com/tradegecko/tradegecko-assets.git#6ffb16df155d2d2b1376b16238471fae38ea9041",
      "from": "git+https://github.com/tradegecko/tradegecko-assets.git"
    },
    "bootstrap": {
      "version": "4.3.1",
      "resolved": "https://registry.npmjs.org/bootstrap/-/bootstrap-4.3.1.tgz",
      "integrity": "sha512-rXqOmH1VilAt2DyPzluTi2blhk17bO7ef+zLLPlWvG494pDxcM234pJ8wTc/6R40UWizAIIMgxjvxZg5kmsbag=="
    }
  }
}
